
Microsoft Visual Studio Solution File, Format Version 12.00
# Visual Studio Version 17
VisualStudioVersion = 17.3.32929.385
MinimumVisualStudioVersion = 10.0.40219.1
Project("{9A19103F-16F7-4668-BE54-9A1E7A4F7556}") = "SSPAssignment", "SSPAssignment\SSPAssignment.csproj", "{DF07047F-F663-428D-AD8F-F576D16E19FC}"
EndProject
Global
	GlobalSection(SolutionConfigurationPlatforms) = preSolution
		Debug|Any CPU = Debug|Any CPU
		Release|Any CPU = Release|Any CPU
	EndGlobalSection
	GlobalSection(ProjectConfigurationPlatforms) = postSolution
		{DF07047F-F663-428D-AD8F-F576D16E19FC}.Debug|Any CPU.ActiveCfg = Debug|Any CPU
		{DF07047F-F663-428D-AD8F-F576D16E19FC}.Debug|Any CPU.Build.0 = Debug|Any CPU
		{DF07047F-F663-428D-AD8F-F576D16E19FC}.Release|Any CPU.ActiveCfg = Release|Any CPU
		{DF07047F-F663-428D-AD8F-F576D16E19FC}.Release|Any CPU.Build.0 = Release|Any CPU
	EndGlobalSection
	GlobalSection(SolutionProperties) = preSolution
		HideSolutionNode = FALSE
	EndGlobalSection
	GlobalSection(ExtensibilityGlobals) = postSolution
		SolutionGuid = {6BDF2F0C-3795-406E-B83A-74E93B186631}
	EndGlobalSection
EndGlobal
